{
  "name": "portfoliowebsite",
  "version": "1.0.0",
  "lockfileVersion": 3,
  "requires": true,
  "packages": {
    "": {
      "name": "portfoliowebsite",
      "version": "1.0.0",
      "dependencies": {
        "embla-carousel": "^8.3.0",
        "embla-carousel-autoplay": "^8.3.0"
      }
    },
    "node_modules/embla-carousel": {
      "version": "8.3.0",
      "resolved": "https://registry.npmjs.org/embla-carousel/-/embla-carousel-8.3.0.tgz",
      "integrity": "sha512-Ve8dhI4w28qBqR8J+aMtv7rLK89r1ZA5HocwFz6uMB/i5EiC7bGI7y+AM80yAVUJw3qqaZYK7clmZMUR8kM3UA==",
      "license": "MIT"
    },
    "node_modules/embla-carousel-autoplay": {
      "version": "8.3.0",
      "resolved": "https://registry.npmjs.org/embla-carousel-autoplay/-/embla-carousel-autoplay-8.3.0.tgz",
      "integrity": "sha512-h7DFJLf9uQD+XDxr1NwA3/oFIjsnj/iED2RjET5u6/svMec46IbF1CYPhmB5Q/1Fc0WkcvhPpsEsrtVXQLxNzA==",
      "license": "MIT",
      "peerDependencies": {
        "embla-carousel": "8.3.0"
      }
    }
  }
}
